{
  "version": 4,
  "terraform_version": "0.14.9",
  "serial": 532,
  "lineage": "92a7bd93-9e61-db27-a687-dac41008c043",
  "outputs": {},
  "resources": [
    {
      "mode": "managed",
      "type": "aws_default_route_table",
      "name": "oe-route-table-01",
      "provider": "provider[\"registry.terraform.io/hashicorp/aws\"]",
      "instances": [
        {
          "schema_version": 0,
          "attributes": {
            "default_route_table_id": "rtb-022e2aef362a4b695",
            "id": "rtb-022e2aef362a4b695",
            "owner_id": "105019345634",
            "propagating_vgws": [],
            "route": [
              {
                "cidr_block": "0.0.0.0/0",
                "egress_only_gateway_id": "",
                "gateway_id": "igw-0aec43dae131b9a1d",
                "instance_id": "",
                "ipv6_cidr_block": "",
                "nat_gateway_id": "",
                "network_interface_id": "",
                "transit_gateway_id": "",
                "vpc_endpoint_id": "",
                "vpc_peering_connection_id": ""
              }
            ],
            "tags": {
              "Name": "oe-route-table-01"
            },
            "vpc_id": "vpc-082fe5b693366ca3d"
          },
          "sensitive_attributes": [],
          "private": "bnVsbA==",
          "dependencies": [
            "aws_internet_gateway.oe-ig",
            "aws_vpc.oe-vpc"
          ]
        }
      ]
    },
    {
      "mode": "managed",
      "type": "aws_internet_gateway",
      "name": "oe-ig",
      "provider": "provider[\"registry.terraform.io/hashicorp/aws\"]",
      "instances": [
        {
          "schema_version": 0,
          "attributes": {
            "arn": "arn:aws:ec2:us-east-1:105019345634:internet-gateway/igw-0aec43dae131b9a1d",
            "id": "igw-0aec43dae131b9a1d",
            "owner_id": "105019345634",
            "tags": {
              "Name": "oe-ig"
            },
            "vpc_id": "vpc-082fe5b693366ca3d"
          },
          "sensitive_attributes": [],
          "private": "bnVsbA==",
          "dependencies": [
            "aws_vpc.oe-vpc"
          ]
        }
      ]
    },
    {
      "mode": "managed",
      "type": "aws_subnet",
      "name": "oe-subnet-01",
      "provider": "provider[\"registry.terraform.io/hashicorp/aws\"]",
      "instances": [
        {
          "schema_version": 1,
          "attributes": {
            "arn": "arn:aws:ec2:us-east-1:105019345634:subnet/subnet-078119b935b7d1507",
            "assign_ipv6_address_on_creation": false,
            "availability_zone": "us-east-1a",
            "availability_zone_id": "use1-az1",
            "cidr_block": "168.31.0.0/20",
            "customer_owned_ipv4_pool": "",
            "id": "subnet-078119b935b7d1507",
            "ipv6_cidr_block": "",
            "ipv6_cidr_block_association_id": "",
            "map_customer_owned_ip_on_launch": false,
            "map_public_ip_on_launch": false,
            "outpost_arn": "",
            "owner_id": "105019345634",
            "tags": {
              "Name": "oe-subnet-01"
            },
            "tags_all": {
              "Name": "oe-subnet-01"
            },
            "timeouts": null,
            "vpc_id": "vpc-082fe5b693366ca3d"
          },
          "sensitive_attributes": [],
          "private": "eyJlMmJmYjczMC1lY2FhLTExZTYtOGY4OC0zNDM2M2JjN2M0YzAiOnsiY3JlYXRlIjo2MDAwMDAwMDAwMDAsImRlbGV0ZSI6MTIwMDAwMDAwMDAwMH0sInNjaGVtYV92ZXJzaW9uIjoiMSJ9",
          "dependencies": [
            "aws_vpc.oe-vpc"
          ]
        }
      ]
    },
    {
      "mode": "managed",
      "type": "aws_subnet",
      "name": "oe-subnet-02",
      "provider": "provider[\"registry.terraform.io/hashicorp/aws\"]",
      "instances": [
        {
          "schema_version": 1,
          "attributes": {
            "arn": "arn:aws:ec2:us-east-1:105019345634:subnet/subnet-0cd21d5f7dacf134a",
            "assign_ipv6_address_on_creation": false,
            "availability_zone": "us-east-1b",
            "availability_zone_id": "use1-az2",
            "cidr_block": "168.31.16.0/20",
            "customer_owned_ipv4_pool": "",
            "id": "subnet-0cd21d5f7dacf134a",
            "ipv6_cidr_block": "",
            "ipv6_cidr_block_association_id": "",
            "map_customer_owned_ip_on_launch": false,
            "map_public_ip_on_launch": false,
            "outpost_arn": "",
            "owner_id": "105019345634",
            "tags": {
              "Name": "oe-subnet-02"
            },
            "tags_all": {
              "Name": "oe-subnet-02"
            },
            "timeouts": null,
            "vpc_id": "vpc-082fe5b693366ca3d"
          },
          "sensitive_attributes": [],
          "private": "eyJlMmJmYjczMC1lY2FhLTExZTYtOGY4OC0zNDM2M2JjN2M0YzAiOnsiY3JlYXRlIjo2MDAwMDAwMDAwMDAsImRlbGV0ZSI6MTIwMDAwMDAwMDAwMH0sInNjaGVtYV92ZXJzaW9uIjoiMSJ9",
          "dependencies": [
            "aws_vpc.oe-vpc"
          ]
        }
      ]
    },
    {
      "mode": "managed",
      "type": "aws_vpc",
      "name": "oe-vpc",
      "provider": "provider[\"registry.terraform.io/hashicorp/aws\"]",
      "instances": [
        {
          "schema_version": 1,
          "attributes": {
            "arn": "arn:aws:ec2:us-east-1:105019345634:vpc/vpc-082fe5b693366ca3d",
            "assign_generated_ipv6_cidr_block": false,
            "cidr_block": "168.31.0.0/16",
            "default_network_acl_id": "acl-0a2a385850d0817f9",
            "default_route_table_id": "rtb-022e2aef362a4b695",
            "default_security_group_id": "sg-000e87ab29fb9164b",
            "dhcp_options_id": "dopt-04ea6745a443dfe29",
            "enable_classiclink": false,
            "enable_classiclink_dns_support": false,
            "enable_dns_hostnames": true,
            "enable_dns_support": true,
            "id": "vpc-082fe5b693366ca3d",
            "instance_tenancy": "default",
            "ipv6_association_id": "",
            "ipv6_cidr_block": "",
            "main_route_table_id": "rtb-022e2aef362a4b695",
            "owner_id": "105019345634",
            "tags": {
              "Name": "oe-vpc"
            },
            "tags_all": {
              "Name": "oe-vpc"
            }
          },
          "sensitive_attributes": [],
          "private": "eyJzY2hlbWFfdmVyc2lvbiI6IjEifQ=="
        }
      ]
    }
  ]
}
